
Microsoft Visual Studio Solution File, Format Version 12.00
# Visual Studio Version 17
VisualStudioVersion = 17.13.35931.197 d17.13
MinimumVisualStudioVersion = 10.0.40219.1
Project("{8BC9CEB8-8B4A-11D0-8D11-00A0C91BC942}") = "CG2", "CG2.vcxproj", "{FD3BF511-81FA-496A-9DAB-6614603FB1B5}"
EndProject
Project("{2150E333-8FDC-42A3-9474-1A3956D46DE8}") = "ソリューション項目", "ソリューション項目", "{2022CB0F-8BAF-F49E-0C48-8EF4C96EC109}"
	ProjectSection(SolutionItems) = preProject
		.enditorconfig = .enditorconfig
	EndProjectSection
EndProject
Global
	GlobalSection(SolutionConfigurationPlatforms) = preSolution
		Debug|x64 = Debug|x64
		Release|x64 = Release|x64
	EndGlobalSection
	GlobalSection(ProjectConfigurationPlatforms) = postSolution
		{FD3BF511-81FA-496A-9DAB-6614603FB1B5}.Debug|x64.ActiveCfg = Debug|x64
		{FD3BF511-81FA-496A-9DAB-6614603FB1B5}.Debug|x64.Build.0 = Debug|x64
		{FD3BF511-81FA-496A-9DAB-6614603FB1B5}.Release|x64.ActiveCfg = Release|x64
		{FD3BF511-81FA-496A-9DAB-6614603FB1B5}.Release|x64.Build.0 = Release|x64
	EndGlobalSection
	GlobalSection(SolutionProperties) = preSolution
		HideSolutionNode = FALSE
	EndGlobalSection
	GlobalSection(ExtensibilityGlobals) = postSolution
		SolutionGuid = {5DB0D482-0ED6-4B53-BC7A-17ACF92E796B}
	EndGlobalSection
EndGlobal
