<?xml version="1.0" encoding="utf-8"?>
<Project ToolsVersion="4.0" xmlns="http://schemas.microsoft.com/developer/msbuild/2003">
  <ItemGroup>
    <Filter Include="繧ｽ繝ｼ繧ｹ 繝輔ぃ繧､繝ｫ">
      <UniqueIdentifier>{4FC737F1-C7A5-4376-A066-2A32D752A2FF}</UniqueIdentifier>
      <Extensions>cpp;c;cc;cxx;c++;cppm;ixx;def;odl;idl;hpj;bat;asm;asmx</Extensions>
    </Filter>
    <Filter Include="繝倥ャ繝繝ｼ 繝輔ぃ繧､繝ｫ">
      <UniqueIdentifier>{93995380-89BD-4b04-88EB-625FBE52EBFB}</UniqueIdentifier>
      <Extensions>h;hh;hpp;hxx;h++;hm;inl;inc;ipp;xsd</Extensions>
    </Filter>
    <Filter Include="繝ｪ繧ｽ繝ｼ繧ｹ 繝輔ぃ繧､繝ｫ">
      <UniqueIdentifier>{67DA6AB6-F800-4c08-8B7A-83BB121AAD01}</UniqueIdentifier>
      <Extensions>rc;ico;cur;bmp;dlg;rc2;rct;bin;rgs;gif;jpg;jpeg;jpe;resx;tiff;tif;png;wav;mfcribbon-ms</Extensions>
    </Filter>
    <Filter Include="imgui">
      <UniqueIdentifier>{5bc984a8-8ad4-42a9-ba7b-7e269783a991}</UniqueIdentifier>
    </Filter>
  </ItemGroup>
  <ItemGroup>
    <ClCompile Include="main.cpp">
      <Filter>繧ｽ繝ｼ繧ｹ 繝輔ぃ繧､繝ｫ</Filter>
    </ClCompile>
    <ClCompile Include="KHEngine\Input\Input.cpp">
      <Filter>繧ｽ繝ｼ繧ｹ 繝輔ぃ繧､繝ｫ</Filter>
    </ClCompile>
    <ClCompile Include="KHEngine\Core\OS\WinApp.cpp">
      <Filter>繧ｽ繝ｼ繧ｹ 繝輔ぃ繧､繝ｫ</Filter>
    </ClCompile>
    <ClCompile Include="KHEngine\Core\Graphics\DirectXCommon.cpp">
      <Filter>繧ｽ繝ｼ繧ｹ 繝輔ぃ繧､繝ｫ</Filter>
    </ClCompile>
    <ClCompile Include="KHEngine\Core\Utility\Log\Logger.cpp">
      <Filter>繧ｽ繝ｼ繧ｹ 繝輔ぃ繧､繝ｫ</Filter>
    </ClCompile>
    <ClCompile Include="KHEngine\Core\Utility\String\StringUtility.cpp">
      <Filter>繧ｽ繝ｼ繧ｹ 繝輔ぃ繧､繝ｫ</Filter>
    </ClCompile>
    <ClCompile Include="KHEngine\Core\Graphics\D3DResourceLeakChecker.cpp">
      <Filter>繧ｽ繝ｼ繧ｹ 繝輔ぃ繧､繝ｫ</Filter>
    </ClCompile>
    <ClCompile Include="KHEngine\Core\Utility\Timer\Timer.cpp">
      <Filter>繧ｽ繝ｼ繧ｹ 繝輔ぃ繧､繝ｫ</Filter>
    </ClCompile>
    <ClCompile Include="KHEngine\Graphics\2d\SpriteCommon.cpp">
      <Filter>繧ｽ繝ｼ繧ｹ 繝輔ぃ繧､繝ｫ</Filter>
    </ClCompile>
    <ClCompile Include="KHEngine\Graphics\2d\Sprite.cpp">
      <Filter>繧ｽ繝ｼ繧ｹ 繝輔ぃ繧､繝ｫ</Filter>
    </ClCompile>
    <ClCompile Include="KHEngine\Math\Matrix4x4.cpp">
      <Filter>繧ｽ繝ｼ繧ｹ 繝輔ぃ繧､繝ｫ</Filter>
    </ClCompile>
    <ClCompile Include="KHEngine\Graphics\3d\Object\Object3dCommon.cpp">
      <Filter>繧ｽ繝ｼ繧ｹ 繝輔ぃ繧､繝ｫ</Filter>
    </ClCompile>
    <ClCompile Include="KHEngine\Graphics\3d\Object\Object3d.cpp">
      <Filter>繧ｽ繝ｼ繧ｹ 繝輔ぃ繧､繝ｫ</Filter>
    </ClCompile>
    <ClCompile Include="KHEngine\Graphics\3d\Model\Model.cpp">
      <Filter>繧ｽ繝ｼ繧ｹ 繝輔ぃ繧､繝ｫ</Filter>
    </ClCompile>
    <ClCompile Include="KHEngine\Graphics\3d\Model\ModelCommon.cpp">
      <Filter>繧ｽ繝ｼ繧ｹ 繝輔ぃ繧､繝ｫ</Filter>
    </ClCompile>
    <ClCompile Include="KHEngine\Graphics\3d\Model\ModelManager.cpp">
      <Filter>繧ｽ繝ｼ繧ｹ 繝輔ぃ繧､繝ｫ</Filter>
    </ClCompile>
    <ClCompile Include="KHEngine\Graphics\3d\Camera\Camera.cpp">
      <Filter>繧ｽ繝ｼ繧ｹ 繝輔ぃ繧､繝ｫ</Filter>
    </ClCompile>
    <ClCompile Include="KHEngine\Graphics\Resource\Descriptor\SrvManager.cpp">
      <Filter>繧ｽ繝ｼ繧ｹ 繝輔ぃ繧､繝ｫ</Filter>
    </ClCompile>
    <ClCompile Include="KHEngine\Graphics\Resource\Texture\TextureManager.cpp">
      <Filter>繧ｽ繝ｼ繧ｹ 繝輔ぃ繧､繝ｫ</Filter>
    </ClCompile>
    <ClCompile Include="KHEngine\Graphics\3d\Particle\ParticleManager.cpp">
      <Filter>繧ｽ繝ｼ繧ｹ 繝輔ぃ繧､繝ｫ</Filter>
    </ClCompile>
    <ClCompile Include="KHEngine\Graphics\3d\Particle\ParticleEmitter.cpp">
      <Filter>繧ｽ繝ｼ繧ｹ 繝輔ぃ繧､繝ｫ</Filter>
    </ClCompile>
    <ClCompile Include="KHEngine\Graphics\3d\Particle\ParticleRenderer.cpp">
      <Filter>繧ｽ繝ｼ繧ｹ 繝輔ぃ繧､繝ｫ</Filter>
    </ClCompile>
    <ClCompile Include="KHEngine\Graphics\3d\Particle\ParticleEffect.cpp">
      <Filter>繧ｽ繝ｼ繧ｹ 繝輔ぃ繧､繝ｫ</Filter>
    </ClCompile>
    <ClCompile Include="KHEngine\Debug\Imgui\ImGuiManager.cpp">
      <Filter>繧ｽ繝ｼ繧ｹ 繝輔ぃ繧､繝ｫ</Filter>
    </ClCompile>
    <ClCompile Include="KHEngine\Sound\Core\Sound.cpp">
      <Filter>繧ｽ繝ｼ繧ｹ 繝輔ぃ繧､繝ｫ</Filter>
    </ClCompile>
    <ClCompile Include="KHEngine\Sound\Core\SoundManager.cpp">
      <Filter>繧ｽ繝ｼ繧ｹ 繝輔ぃ繧､繝ｫ</Filter>
    </ClCompile>
    <ClCompile Include="externals\imgui\imgui.cpp">
      <Filter>繧ｽ繝ｼ繧ｹ 繝輔ぃ繧､繝ｫ</Filter>
    </ClCompile>
    <ClCompile Include="externals\imgui\imgui_demo.cpp">
      <Filter>繧ｽ繝ｼ繧ｹ 繝輔ぃ繧､繝ｫ</Filter>
    </ClCompile>
    <ClCompile Include="externals\imgui\imgui_draw.cpp">
      <Filter>繧ｽ繝ｼ繧ｹ 繝輔ぃ繧､繝ｫ</Filter>
    </ClCompile>
    <ClCompile Include="externals\imgui\imgui_impl_dx12.cpp">
      <Filter>繧ｽ繝ｼ繧ｹ 繝輔ぃ繧､繝ｫ</Filter>
    </ClCompile>
    <ClCompile Include="externals\imgui\imgui_impl_win32.cpp">
      <Filter>繧ｽ繝ｼ繧ｹ 繝輔ぃ繧､繝ｫ</Filter>
    </ClCompile>
    <ClCompile Include="externals\imgui\imgui_tables.cpp">
      <Filter>繧ｽ繝ｼ繧ｹ 繝輔ぃ繧､繝ｫ</Filter>
    </ClCompile>
    <ClCompile Include="externals\imgui\imgui_widgets.cpp">
      <Filter>繧ｽ繝ｼ繧ｹ 繝輔ぃ繧､繝ｫ</Filter>
    </ClCompile>
    <ClCompile Include="KHEngine\Graphics\Billboard\Billboard.cpp">
      <Filter>繧ｽ繝ｼ繧ｹ 繝輔ぃ繧､繝ｫ</Filter>
    </ClCompile>
    <ClCompile Include="KHEngine\Core\Utility\Crash\CrashDump.cpp">
      <Filter>繧ｽ繝ｼ繧ｹ 繝輔ぃ繧､繝ｫ</Filter>
    </ClCompile>
    <ClCompile Include="KHEngine\Core\Framework\KHFramework.cpp">
      <Filter>繧ｽ繝ｼ繧ｹ 繝輔ぃ繧､繝ｫ</Filter>
    </ClCompile>
    <ClCompile Include="KHEngine\Core\Services\EngineServices.cpp">
      <Filter>繧ｽ繝ｼ繧ｹ 繝輔ぃ繧､繝ｫ</Filter>
    </ClCompile>
    <ClCompile Include="KHEngine\Core\Framework\BaseScene.cpp">
      <Filter>繧ｽ繝ｼ繧ｹ 繝輔ぃ繧､繝ｫ</Filter>
    </ClCompile>
    <ClCompile Include="KHEngine\Scene\SceneManager.cpp">
      <Filter>繧ｽ繝ｼ繧ｹ 繝輔ぃ繧､繝ｫ</Filter>
    </ClCompile>
    <ClCompile Include="KHEngine\Scene\AbstractSceneFactory.cpp">
      <Filter>繧ｽ繝ｼ繧ｹ 繝輔ぃ繧､繝ｫ</Filter>
    </ClCompile>
    <ClCompile Include="KHEngine\Core\Resource\ResourceLocator.cpp">
      <Filter>繧ｽ繝ｼ繧ｹ 繝輔ぃ繧､繝ｫ</Filter>
    </ClCompile>
    <ClCompile Include="KHEngine\Scene\LevelLoader.cpp">
      <Filter>繧ｽ繝ｼ繧ｹ 繝輔ぃ繧､繝ｫ</Filter>
    </ClCompile>
    <ClCompile Include="KHEngine\Graphics\3d\Skybox\Skybox.cpp">
      <Filter>繧ｽ繝ｼ繧ｹ 繝輔ぃ繧､繝ｫ</Filter>
    </ClCompile>
    <ClCompile Include="KHEngine\Graphics\3d\Primitive\Ring.cpp">
      <Filter>繧ｽ繝ｼ繧ｹ 繝輔ぃ繧､繝ｫ</Filter>
    </ClCompile>
    <ClCompile Include="KHEngine\Graphics\3d\Primitive\Cylinder.cpp">
      <Filter>繧ｽ繝ｼ繧ｹ 繝輔ぃ繧､繝ｫ</Filter>
    </ClCompile>
    <ClCompile Include="Game\Scene\GamePlayScene.cpp">
      <Filter>繧ｽ繝ｼ繧ｹ 繝輔ぃ繧､繝ｫ</Filter>
    </ClCompile>
    <ClCompile Include="Game\Scene\GameSceneFactory.cpp">
      <Filter>繧ｽ繝ｼ繧ｹ 繝輔ぃ繧､繝ｫ</Filter>
    </ClCompile>
    <ClCompile Include="Game\Scene\TitleScene.cpp">
      <Filter>繧ｽ繝ｼ繧ｹ 繝輔ぃ繧､繝ｫ</Filter>
    </ClCompile>
    <ClCompile Include="Game\System\Application.cpp">
      <Filter>繧ｽ繝ｼ繧ｹ 繝輔ぃ繧､繝ｫ</Filter>
    </ClCompile>
    <ClCompile Include="Game\System\Rail.cpp">
      <Filter>繧ｽ繝ｼ繧ｹ 繝輔ぃ繧､繝ｫ</Filter>
    </ClCompile>
    <ClCompile Include="Game\System\RailCameraController.cpp">
      <Filter>繧ｽ繝ｼ繧ｹ 繝輔ぃ繧､繝ｫ</Filter>
    </ClCompile>
    <ClCompile Include="Game\Actor\Player\Player.cpp">
      <Filter>繧ｽ繝ｼ繧ｹ 繝輔ぃ繧､繝ｫ</Filter>
    </ClCompile>
    <ClCompile Include="Game\Actor\Bullet\PlayerBullet.cpp">
      <Filter>Game\Actor\Bullet</Filter>
    </ClCompile>
    <ClCompile Include="Game\Actor\Bullet\EnemyBullet.cpp">
      <Filter>Game\Actor\Bullet</Filter>
    </ClCompile>
    <ClCompile Include="KHEngine\Graphics\PostProcess\PostProcess.cpp">
      <Filter>繧ｽ繝ｼ繧ｹ 繝輔ぃ繧､繝ｫ</Filter>
    </ClCompile>
  </ItemGroup>
  <ItemGroup>
    <ClInclude Include="KHEngine\Input\Input.h">
      <Filter>繝倥ャ繝€繝ｼ 繝輔ぃ繧､繝ｫ</Filter>
    </ClInclude>
    <ClInclude Include="KHEngine\Core\OS\WinApp.h">
      <Filter>繝倥ャ繝€繝ｼ 繝輔ぃ繧､繝ｫ</Filter>
    </ClInclude>
    <ClInclude Include="KHEngine\Core\Graphics\DirectXCommon.h">
      <Filter>繝倥ャ繝€繝ｼ 繝輔ぃ繧､繝ｫ</Filter>
    </ClInclude>
    <ClInclude Include="KHEngine\Core\Utility\Log\Logger.h">
      <Filter>繝倥ャ繝€繝ｼ 繝輔ぃ繧､繝ｫ</Filter>
    </ClInclude>
    <ClInclude Include="KHEngine\Core\Utility\String\StringUtility.h">
      <Filter>繝倥ャ繝€繝ｼ 繝輔ぃ繧､繝ｫ</Filter>
    </ClInclude>
    <ClInclude Include="KHEngine\Core\Graphics\D3DResourceLeakChecker.h">
      <Filter>繝倥ャ繝€繝ｼ 繝輔ぃ繧､繝ｫ</Filter>
    </ClInclude>
    <ClInclude Include="KHEngine\Core\Utility\Timer\Timer.h">
      <Filter>繝倥ャ繝€繝ｼ 繝輔ぃ繧､繝ｫ</Filter>
    </ClInclude>
    <ClInclude Include="KHEngine\Graphics\2d\SpriteCommon.h">
      <Filter>繝倥ャ繝€繝ｼ 繝輔ぃ繧､繝ｫ</Filter>
    </ClInclude>
    <ClInclude Include="KHEngine\Graphics\2d\Sprite.h">
      <Filter>繝倥ャ繝€繝ｼ 繝輔ぃ繧､繝ｫ</Filter>
    </ClInclude>
    <ClInclude Include="KHEngine\Math\Vector2.h">
      <Filter>繝倥ャ繝€繝ｼ 繝輔ぃ繧､繝ｫ</Filter>
    </ClInclude>
    <ClInclude Include="KHEngine\Math\Vector3.h">
      <Filter>繝倥ャ繝€繝ｼ 繝輔ぃ繧､繝ｫ</Filter>
    </ClInclude>
    <ClInclude Include="KHEngine\Math\Vector4.h">
      <Filter>繝倥ャ繝€繝ｼ 繝輔ぃ繧､繝ｫ</Filter>
    </ClInclude>
    <ClInclude Include="KHEngine\Math\Transform.h">
      <Filter>繝倥ャ繝€繝ｼ 繝輔ぃ繧､繝ｫ</Filter>
    </ClInclude>
    <ClInclude Include="KHEngine\Math\Matrix4x4.h">
      <Filter>繝倥ャ繝€繝ｼ 繝輔ぃ繧､繝ｫ</Filter>
    </ClInclude>
    <ClInclude Include="KHEngine\Math\MathUtility.h">
      <Filter>繝倥ャ繝€繝ｼ 繝輔ぃ繧､繝ｫ</Filter>
    </ClInclude>
    <ClInclude Include="KHEngine\Math\MathCommon.h">
      <Filter>繝倥ャ繝€繝ｼ 繝輔ぃ繧､繝ｫ</Filter>
    </ClInclude>
    <ClInclude Include="KHEngine\Graphics\Resource\TextureManager.h">
      <Filter>繝倥ャ繝€繝ｼ 繝輔ぃ繧､繝ｫ</Filter>
    </ClInclude>
    <ClInclude Include="KHEngine\Graphics\3d\Object\Object3dCommon.h">
      <Filter>繝倥ャ繝€繝ｼ 繝輔ぃ繧､繝ｫ</Filter>
    </ClInclude>
    <ClInclude Include="KHEngine\Graphics\3d\Object\Object3d.h">
      <Filter>繝倥ャ繝€繝ｼ 繝輔ぃ繧､繝ｫ</Filter>
    </ClInclude>
    <ClInclude Include="KHEngine\Graphics\3d\Model\Model.h">
      <Filter>繝倥ャ繝€繝ｼ 繝輔ぃ繧､繝ｫ</Filter>
    </ClInclude>
    <ClInclude Include="KHEngine\Graphics\3d\Model\ModelCommon.h">
      <Filter>繝倥ャ繝€繝ｼ 繝輔ぃ繧､繝ｫ</Filter>
    </ClInclude>
    <ClInclude Include="KHEngine\Graphics\3d\Model\ModelManager.h">
      <Filter>繝倥ャ繝€繝ｼ 繝輔ぃ繧､繝ｫ</Filter>
    </ClInclude>
    <ClInclude Include="KHEngine\Graphics\3d\Camera\Camera.h">
      <Filter>繝倥ャ繝€繝ｼ 繝輔ぃ繧､繝ｫ</Filter>
    </ClInclude>
    <ClInclude Include="KHEngine\Graphics\Resource\Descriptor\SrvManager.h">
      <Filter>繝倥ャ繝€繝ｼ 繝輔ぃ繧､繝ｫ</Filter>
    </ClInclude>
    <ClInclude Include="KHEngine\Graphics\Resource\Texture\TextureManager.h">
      <Filter>繝倥ャ繝€繝ｼ 繝輔ぃ繧､繝ｫ</Filter>
    </ClInclude>
    <ClInclude Include="KHEngine\Graphics\3d\Particle\ParticleManager.h">
      <Filter>繝倥ャ繝€繝ｼ 繝輔ぃ繧､繝ｫ</Filter>
    </ClInclude>
    <ClInclude Include="KHEngine\Graphics\3d\Particle\ParticleEmitter.h">
      <Filter>繝倥ャ繝€繝ｼ 繝輔ぃ繧､繝ｫ</Filter>
    </ClInclude>
    <ClInclude Include="KHEngine\Graphics\3d\Particle\Particle.h">
      <Filter>繝倥ャ繝€繝ｼ 繝輔ぃ繧､繝ｫ</Filter>
    </ClInclude>
    <ClInclude Include="KHEngine\Graphics\3d\Particle\ParticleRenderer.h">
      <Filter>繝倥ャ繝€繝ｼ 繝輔ぃ繧､繝ｫ</Filter>
    </ClInclude>
    <ClInclude Include="KHEngine\Graphics\3d\Particle\ParticleEffect.h">
      <Filter>繝倥ャ繝€繝ｼ 繝輔ぃ繧､繝ｫ</Filter>
    </ClInclude>
    <ClInclude Include="KHEngine\Debug\Imgui\ImGuiManager.h">
      <Filter>繝倥ャ繝€繝ｼ 繝輔ぃ繧､繝ｫ</Filter>
    </ClInclude>
    <ClInclude Include="KHEngine\Sound\Core\Sound.h">
      <Filter>繝倥ャ繝€繝ｼ 繝輔ぃ繧､繝ｫ</Filter>
    </ClInclude>
    <ClInclude Include="KHEngine\Sound\Core\SoundManager.h">
      <Filter>繝倥ャ繝€繝ｼ 繝輔ぃ繧､繝ｫ</Filter>
    </ClInclude>
    <ClInclude Include="externals\imgui\imconfig.h">
      <Filter>繝倥ャ繝€繝ｼ 繝輔ぃ繧､繝ｫ</Filter>
    </ClInclude>
    <ClInclude Include="externals\imgui\imgui.h">
      <Filter>繝倥ャ繝€繝ｼ 繝輔ぃ繧､繝ｫ</Filter>
    </ClInclude>
    <ClInclude Include="externals\imgui\imgui_impl_dx12.h">
      <Filter>繝倥ャ繝€繝ｼ 繝輔ぃ繧､繝ｫ</Filter>
    </ClInclude>
    <ClInclude Include="externals\imgui\imgui_impl_win32.h">
      <Filter>繝倥ャ繝€繝ｼ 繝輔ぃ繧､繝ｫ</Filter>
    </ClInclude>
    <ClInclude Include="externals\imgui\imgui_internal.h">
      <Filter>繝倥ャ繝€繝ｼ 繝輔ぃ繧､繝ｫ</Filter>
    </ClInclude>
    <ClInclude Include="externals\imgui\imstb_rectpack.h">
      <Filter>繝倥ャ繝€繝ｼ 繝輔ぃ繧､繝ｫ</Filter>
    </ClInclude>
    <ClInclude Include="externals\imgui\imstb_textedit.h">
      <Filter>繝倥ャ繝€繝ｼ 繝輔ぃ繧､繝ｫ</Filter>
    </ClInclude>
    <ClInclude Include="externals\imgui\imstb_truetype.h">
      <Filter>繝倥ャ繝€繝ｼ 繝輔ぃ繧､繝ｫ</Filter>
    </ClInclude>
    <ClInclude Include="KHEngine\Graphics\Billboard\Billboard.h">
      <Filter>繝倥ャ繝€繝ｼ 繝輔ぃ繧､繝ｫ</Filter>
    </ClInclude>
    <ClInclude Include="KHEngine\Core\Application\Application.h">
      <Filter>繝倥ャ繝€繝ｼ 繝輔ぃ繧､繝ｫ</Filter>
    </ClInclude>
    <ClInclude Include="KHEngine\Core\Utility\Crash\CrashDump.h">
      <Filter>繝倥ャ繝€繝ｼ 繝輔ぃ繧､繝ｫ</Filter>
    </ClInclude>
    <ClInclude Include="KHEngine\Core\Framework\KHFramework.h">
      <Filter>繝倥ャ繝€繝ｼ 繝輔ぃ繧､繝ｫ</Filter>
    </ClInclude>
    <ClInclude Include="KHEngine\Scene\GamePlayScene.h">
      <Filter>繝倥ャ繝€繝ｼ 繝輔ぃ繧､繝ｫ</Filter>
    </ClInclude>
    <ClInclude Include="KHEngine\Core\Services\EngineServices.h">
      <Filter>繝倥ャ繝€繝ｼ 繝輔ぃ繧､繝ｫ</Filter>
    </ClInclude>
    <ClInclude Include="KHEngine\Scene\TitleScene.h">
      <Filter>繝倥ャ繝€繝ｼ 繝輔ぃ繧､繝ｫ</Filter>
    </ClInclude>
    <ClInclude Include="KHEngine\Core\Framework\BaseScene.h">
      <Filter>繝倥ャ繝€繝ｼ 繝輔ぃ繧､繝ｫ</Filter>
    </ClInclude>
    <ClInclude Include="KHEngine\Scene\SceneManager.h">
      <Filter>繝倥ャ繝€繝ｼ 繝輔ぃ繧､繝ｫ</Filter>
    </ClInclude>
    <ClInclude Include="KHEngine\Scene\AbstractSceneFactory.h">
      <Filter>繝倥ャ繝€繝ｼ 繝輔ぃ繧､繝ｫ</Filter>
    </ClInclude>
    <ClInclude Include="KHEngine\Scene\SceneFactory.h">
      <Filter>繝倥ャ繝€繝ｼ 繝輔ぃ繧､繝ｫ</Filter>
    </ClInclude>
    <ClInclude Include="KHEngine\Core\Resource\ResourceLocator.h">
      <Filter>繝倥ャ繝€繝ｼ 繝輔ぃ繧､繝ｫ</Filter>
    </ClInclude>
    <ClInclude Include="KHEngine\Scene\LevelLoader.h">
      <Filter>繝倥ャ繝€繝ｼ 繝輔ぃ繧､繝ｫ</Filter>
    </ClInclude>
    <ClInclude Include="KHEngine\Graphics\3d\Skybox\Skybox.h">
      <Filter>繝倥ャ繝€繝ｼ 繝輔ぃ繧､繝ｫ</Filter>
    </ClInclude>
    <ClInclude Include="KHEngine\Graphics\3d\Primitive\Ring.h">
      <Filter>繝倥ャ繝€繝ｼ 繝輔ぃ繧､繝ｫ</Filter>
    </ClInclude>
    <ClInclude Include="KHEngine\Graphics\3d\Primitive\Cylinder.h">
      <Filter>繝倥ャ繝€繝ｼ 繝輔ぃ繧､繝ｫ</Filter>
    </ClInclude>
    <ClInclude Include="KHEngine\Graphics\Camera\Camera.h">
      <Filter>繝倥ャ繝€繝ｼ 繝輔ぃ繧､繝ｫ</Filter>
    </ClInclude>
    <ClInclude Include="Game\Scene\GamePlayScene.h">
      <Filter>繝倥ャ繝€繝ｼ 繝輔ぃ繧､繝ｫ</Filter>
    </ClInclude>
    <ClInclude Include="Game\Scene\GameSceneFactory.h">
      <Filter>繝倥ャ繝€繝ｼ 繝輔ぃ繧､繝ｫ</Filter>
    </ClInclude>
    <ClInclude Include="Game\Scene\TitleScene.h">
      <Filter>繝倥ャ繝€繝ｼ 繝輔ぃ繧､繝ｫ</Filter>
    </ClInclude>
    <ClInclude Include="Game\System\Application.h">
      <Filter>繝倥ャ繝€繝ｼ 繝輔ぃ繧､繝ｫ</Filter>
    </ClInclude>
    <ClInclude Include="Game\System\Rail.h">
      <Filter>繝倥ャ繝€繝ｼ 繝輔ぃ繧､繝ｫ</Filter>
    </ClInclude>
    <ClInclude Include="Game\System\RailCameraController.h">
      <Filter>繝倥ャ繝€繝ｼ 繝輔ぃ繧､繝ｫ</Filter>
    </ClInclude>
    <ClInclude Include="Game\Actor\Player\Player.h">
      <Filter>繝倥ャ繝€繝ｼ 繝輔ぃ繧､繝ｫ</Filter>
    </ClInclude>
    <ClInclude Include="Game\Actor\Bullet\PlayerBullet.h">
      <Filter>Game\Actor\Bullet</Filter>
    </ClInclude>
    <ClInclude Include="Game\Actor\Bullet\EnemyBullet.h">
      <Filter>Game\Actor\Bullet</Filter>
    </ClInclude>
    <ClInclude Include="KHEngine\Graphics\PostProcess\PostProcess.h">
      <Filter>繝倥ャ繝€繝ｼ 繝輔ぃ繧､繝ｫ</Filter>
    </ClInclude>
  </ItemGroup>
  <ItemGroup>
    <None Include="KHEngine\Scene\GamePlayScene" />
  </ItemGroup>
</Project>